
Microsoft Visual Studio Solution File, Format Version 12.00
# Visual Studio Version 16
VisualStudioVersion = 16.0.30523.141
MinimumVisualStudioVersion = 10.0.40219.1
Project("{FAE04EC0-301F-11D3-BF4B-00C04F79EFBC}") = "Dolphin", "Dolphin\Dolphin.csproj", "{8F47C780-B17E-494A-A541-7BB5682E7568}"
EndProject
Project("{FAE04EC0-301F-11D3-BF4B-00C04F79EFBC}") = "Dolphin.Service", "Dolphin.Service\Dolphin.Service.csproj", "{1966956E-6203-42F0-B3D4-376D17D83677}"
EndProject
Project("{FAE04EC0-301F-11D3-BF4B-00C04F79EFBC}") = "Dolphin.Test", "Dolphin.Test\Dolphin.Test.csproj", "{27B05B32-B90E-45F7-90DD-3EDF40227DAB}"
EndProject
Project("{FAE04EC0-301F-11D3-BF4B-00C04F79EFBC}") = "Dolphin.DevTools", "Dolphin.DevTools\Dolphin.DevTools.csproj", "{58C007B8-52DB-4300-9950-1AD47F07F07D}"
EndProject
Project("{FAE04EC0-301F-11D3-BF4B-00C04F79EFBC}") = "Dolphin.UI_", "Dolphin.UI_\Dolphin.UI_.csproj", "{850E15DF-BB8C-43F1-9873-0414FF784718}"
EndProject
Project("{FAE04EC0-301F-11D3-BF4B-00C04F79EFBC}") = "Dolphin.Ui", "Dolphin.Ui\Dolphin.Ui.csproj", "{EEC916B6-A6EA-4F1F-82A0-8540C34E628C}"
EndProject
Global
	GlobalSection(SolutionConfigurationPlatforms) = preSolution
		Debug|Any CPU = Debug|Any CPU
		Release|Any CPU = Release|Any CPU
	EndGlobalSection
	GlobalSection(ProjectConfigurationPlatforms) = postSolution
		{8F47C780-B17E-494A-A541-7BB5682E7568}.Debug|Any CPU.ActiveCfg = Debug|Any CPU
		{8F47C780-B17E-494A-A541-7BB5682E7568}.Debug|Any CPU.Build.0 = Debug|Any CPU
		{8F47C780-B17E-494A-A541-7BB5682E7568}.Release|Any CPU.ActiveCfg = Release|Any CPU
		{8F47C780-B17E-494A-A541-7BB5682E7568}.Release|Any CPU.Build.0 = Release|Any CPU
		{1966956E-6203-42F0-B3D4-376D17D83677}.Debug|Any CPU.ActiveCfg = Debug|Any CPU
		{1966956E-6203-42F0-B3D4-376D17D83677}.Debug|Any CPU.Build.0 = Debug|Any CPU
		{1966956E-6203-42F0-B3D4-376D17D83677}.Release|Any CPU.ActiveCfg = Release|Any CPU
		{1966956E-6203-42F0-B3D4-376D17D83677}.Release|Any CPU.Build.0 = Release|Any CPU
		{27B05B32-B90E-45F7-90DD-3EDF40227DAB}.Debug|Any CPU.ActiveCfg = Debug|Any CPU
		{27B05B32-B90E-45F7-90DD-3EDF40227DAB}.Debug|Any CPU.Build.0 = Debug|Any CPU
		{27B05B32-B90E-45F7-90DD-3EDF40227DAB}.Release|Any CPU.ActiveCfg = Release|Any CPU
		{27B05B32-B90E-45F7-90DD-3EDF40227DAB}.Release|Any CPU.Build.0 = Release|Any CPU
		{58C007B8-52DB-4300-9950-1AD47F07F07D}.Debug|Any CPU.ActiveCfg = Debug|Any CPU
		{58C007B8-52DB-4300-9950-1AD47F07F07D}.Debug|Any CPU.Build.0 = Debug|Any CPU
		{58C007B8-52DB-4300-9950-1AD47F07F07D}.Release|Any CPU.ActiveCfg = Release|Any CPU
		{58C007B8-52DB-4300-9950-1AD47F07F07D}.Release|Any CPU.Build.0 = Release|Any CPU
		{850E15DF-BB8C-43F1-9873-0414FF784718}.Debug|Any CPU.ActiveCfg = Debug|Any CPU
		{850E15DF-BB8C-43F1-9873-0414FF784718}.Debug|Any CPU.Build.0 = Debug|Any CPU
		{850E15DF-BB8C-43F1-9873-0414FF784718}.Release|Any CPU.ActiveCfg = Release|Any CPU
		{850E15DF-BB8C-43F1-9873-0414FF784718}.Release|Any CPU.Build.0 = Release|Any CPU
		{EEC916B6-A6EA-4F1F-82A0-8540C34E628C}.Debug|Any CPU.ActiveCfg = Debug|Any CPU
		{EEC916B6-A6EA-4F1F-82A0-8540C34E628C}.Debug|Any CPU.Build.0 = Debug|Any CPU
		{EEC916B6-A6EA-4F1F-82A0-8540C34E628C}.Release|Any CPU.ActiveCfg = Release|Any CPU
		{EEC916B6-A6EA-4F1F-82A0-8540C34E628C}.Release|Any CPU.Build.0 = Release|Any CPU
	EndGlobalSection
	GlobalSection(SolutionProperties) = preSolution
		HideSolutionNode = FALSE
	EndGlobalSection
	GlobalSection(ExtensibilityGlobals) = postSolution
		SolutionGuid = {ED47C768-356A-496F-B2E8-A36EB7F8568E}
	EndGlobalSection
EndGlobal
